
Microsoft Visual Studio Solution File, Format Version 12.00
# Visual Studio Version 17
VisualStudioVersion = 17.7.34031.279
MinimumVisualStudioVersion = 10.0.40219.1
Project("{FAE04EC0-301F-11D3-BF4B-00C04F79EFBC}") = "LanguageFundamentals", "LanguageFundamentals\LanguageFundamentals.csproj", "{B7357393-3C60-46BC-AD3D-BC7C004AA768}"
EndProject
Global
	GlobalSection(SolutionConfigurationPlatforms) = preSolution
		Debug|Any CPU = Debug|Any CPU
		Release|Any CPU = Release|Any CPU
	EndGlobalSection
	GlobalSection(ProjectConfigurationPlatforms) = postSolution
		{B7357393-3C60-46BC-AD3D-BC7C004AA768}.Debug|Any CPU.ActiveCfg = Debug|Any CPU
		{B7357393-3C60-46BC-AD3D-BC7C004AA768}.Debug|Any CPU.Build.0 = Debug|Any CPU
		{B7357393-3C60-46BC-AD3D-BC7C004AA768}.Release|Any CPU.ActiveCfg = Release|Any CPU
		{B7357393-3C60-46BC-AD3D-BC7C004AA768}.Release|Any CPU.Build.0 = Release|Any CPU
	EndGlobalSection
	GlobalSection(SolutionProperties) = preSolution
		HideSolutionNode = FALSE
	EndGlobalSection
	GlobalSection(ExtensibilityGlobals) = postSolution
		SolutionGuid = {C2829F61-7E13-4467-B3AF-0207762589A7}
	EndGlobalSection
EndGlobal
